
Microsoft Visual Studio Solution File, Format Version 12.00
# Visual Studio Version 17
VisualStudioVersion = 17.5.002.0
MinimumVisualStudioVersion = 10.0.40219.1
Project("{2150E333-8FDC-42A3-9474-1A3956D46DE8}") = "homeworksGB", "homeworksGB", "{4DA898B8-9D69-41B0-BD80-514ADA960972}"
EndProject
Project("{9A19103F-16F7-4668-BE54-9A1E7A4F7556}") = "08.04", "homeworksGB\08.04\08.04.csproj", "{4ED23321-2E8C-4781-849A-E6FF168901AE}"
EndProject
Project("{9A19103F-16F7-4668-BE54-9A1E7A4F7556}") = "15.04", "homeworksGB\15.04\15.04.csproj", "{1240ABD3-DA62-4EE8-883B-7AEB455F7FF1}"
EndProject
Project("{9A19103F-16F7-4668-BE54-9A1E7A4F7556}") = "Avtotest11.04", "homeworksGB\Avtotest11.04\Avtotest11.04.csproj", "{DBF339C9-193E-4A67-9E8C-78B4FB2C0C54}"
EndProject
Project("{2150E333-8FDC-42A3-9474-1A3956D46DE8}") = "less", "less", "{931D30C7-DDDA-44F7-805F-43644271E806}"
EndProject
Project("{2150E333-8FDC-42A3-9474-1A3956D46DE8}") = "lesson1", "lesson1", "{AE01CD2E-D0BC-408E-9D11-D6D2C7FBE3CF}"
EndProject
Project("{9A19103F-16F7-4668-BE54-9A1E7A4F7556}") = "Task1", "less\lesson1\Task1\Task1.csproj", "{33676E5D-E8B2-40F0-A022-0408A085109C}"
EndProject
Project("{9A19103F-16F7-4668-BE54-9A1E7A4F7556}") = "Task2", "less\lesson1\Task2\Task2.csproj", "{88169D66-4BA6-4A9D-9F94-41E9F11D832E}"
EndProject
Project("{9A19103F-16F7-4668-BE54-9A1E7A4F7556}") = "task3", "less\lesson1\Task3\task3.csproj", "{78EEF49A-6882-4DE5-AFFF-49E490B61506}"
EndProject
Project("{9A19103F-16F7-4668-BE54-9A1E7A4F7556}") = "Task4", "less\lesson1\Task4\Task4.csproj", "{7147A831-CBC8-46FC-B12F-74E3D8332F0B}"
EndProject
Project("{9A19103F-16F7-4668-BE54-9A1E7A4F7556}") = "Task5", "less\lesson1\Task5\Task5.csproj", "{13555D96-B1BC-4A0D-AE4E-C1F4A6250083}"
EndProject
Project("{2150E333-8FDC-42A3-9474-1A3956D46DE8}") = "lesson3", "lesson3", "{E2CECEF4-E4F0-42DD-9D35-5DB569250B75}"
EndProject
Project("{9A19103F-16F7-4668-BE54-9A1E7A4F7556}") = "Task1", "less\lesson3\Task1\Task1.csproj", "{3C355A63-2873-415E-A7D3-7DA0EDA2F5FE}"
EndProject
Project("{9A19103F-16F7-4668-BE54-9A1E7A4F7556}") = "Task2", "less\lesson3\Task2\Task2.csproj", "{D44D3D0D-7768-42C0-B1A6-86F4FB4725C8}"
EndProject
Project("{9A19103F-16F7-4668-BE54-9A1E7A4F7556}") = "Task3", "less\lesson3\Task3\Task3.csproj", "{266BD4BE-FA5A-4D4A-8528-69727AE0314B}"
EndProject
Project("{2150E333-8FDC-42A3-9474-1A3956D46DE8}") = "lesson4", "lesson4", "{8E811F98-852B-451B-AAA0-15A2745EDF0B}"
EndProject
Project("{9A19103F-16F7-4668-BE54-9A1E7A4F7556}") = "Task1", "less\lesson4\Task1\Task1.csproj", "{8A9B0BD5-A858-44CF-9F7E-62729F58CE67}"
EndProject
Project("{2150E333-8FDC-42A3-9474-1A3956D46DE8}") = "lesson5", "lesson5", "{12A6F0BB-498F-4B53-BEB9-4651069257DE}"
EndProject
Project("{9A19103F-16F7-4668-BE54-9A1E7A4F7556}") = "Task1", "less\lesson5\Task1\Task1.csproj", "{BBB3FD12-C1B7-47B4-BE33-4DEEC7C92143}"
EndProject
Project("{2150E333-8FDC-42A3-9474-1A3956D46DE8}") = "Sem", "Sem", "{D574A2DE-F3A5-47CD-86D6-B91DBE6CE7B3}"
EndProject
Project("{2150E333-8FDC-42A3-9474-1A3956D46DE8}") = "Seminars", "Seminars", "{71BD3B07-BFAF-424C-940C-D88FF50610BD}"
EndProject
Project("{9A19103F-16F7-4668-BE54-9A1E7A4F7556}") = "Sem1", "Sem\Seminars\Sem1\Sem1.csproj", "{E8E3CFE2-48E5-4659-88FB-53FD734CF9A9}"
EndProject
Project("{9A19103F-16F7-4668-BE54-9A1E7A4F7556}") = "Sem2", "Sem\Seminars\Sem2\Sem2.csproj", "{227675E4-CD12-43AE-A4A6-23E2F8F222CD}"
EndProject
Project("{9A19103F-16F7-4668-BE54-9A1E7A4F7556}") = "Sem3", "Sem\Seminars\Sem3\Sem3.csproj", "{2436F7F6-DB8A-4CC5-81E0-616B9FB23070}"
EndProject
Project("{9A19103F-16F7-4668-BE54-9A1E7A4F7556}") = "Sem4", "Sem\Seminars\Sem4\Sem4.csproj", "{FDCD1FBA-F2C2-4774-BE4C-44F7778FD1A4}"
EndProject
Project("{9A19103F-16F7-4668-BE54-9A1E7A4F7556}") = "Sem5", "Sem\Seminars\Sem5\Sem5.csproj", "{BF4A86CE-FBD1-4B8E-9438-9D818BF70A8E}"
EndProject
Project("{9A19103F-16F7-4668-BE54-9A1E7A4F7556}") = "Sem6", "Sem\Seminars\Sem6\Sem6.csproj", "{9B4865B5-536F-41AB-AEEC-1B8FF3933F15}"
EndProject
Project("{9A19103F-16F7-4668-BE54-9A1E7A4F7556}") = "Sem7", "Sem\Seminars\Sem7\Sem7.csproj", "{4A46405C-5231-4E4D-8E68-479A25842DAC}"
EndProject
Project("{2150E333-8FDC-42A3-9474-1A3956D46DE8}") = "HomeWorks", "HomeWorks", "{6ABA6065-4BA9-40B9-BEC7-096DBBDF05AA}"
EndProject
Project("{2150E333-8FDC-42A3-9474-1A3956D46DE8}") = "homework7", "homework7", "{02539618-D86A-4D70-9862-BF17BF2538B3}"
EndProject
Project("{9A19103F-16F7-4668-BE54-9A1E7A4F7556}") = "task1", "Sem\HomeWorks\homework7\task1\task1.csproj", "{C29AF0AF-ACBF-411F-BA2C-DDF5E06ED3D5}"
EndProject
Project("{9A19103F-16F7-4668-BE54-9A1E7A4F7556}") = "task2", "Sem\HomeWorks\homework7\task2\task2.csproj", "{E2774E47-0393-4BAF-8F23-82B33455B941}"
EndProject
Project("{9A19103F-16F7-4668-BE54-9A1E7A4F7556}") = "task3", "Sem\HomeWorks\homework7\task3\task3.csproj", "{2CDEEAB7-E723-4A2A-B32B-891E077D55C6}"
EndProject
Global
	GlobalSection(SolutionConfigurationPlatforms) = preSolution
		Debug|Any CPU = Debug|Any CPU
		Release|Any CPU = Release|Any CPU
	EndGlobalSection
	GlobalSection(ProjectConfigurationPlatforms) = postSolution
		{4ED23321-2E8C-4781-849A-E6FF168901AE}.Debug|Any CPU.ActiveCfg = Debug|Any CPU
		{4ED23321-2E8C-4781-849A-E6FF168901AE}.Debug|Any CPU.Build.0 = Debug|Any CPU
		{4ED23321-2E8C-4781-849A-E6FF168901AE}.Release|Any CPU.ActiveCfg = Release|Any CPU
		{4ED23321-2E8C-4781-849A-E6FF168901AE}.Release|Any CPU.Build.0 = Release|Any CPU
		{1240ABD3-DA62-4EE8-883B-7AEB455F7FF1}.Debug|Any CPU.ActiveCfg = Debug|Any CPU
		{1240ABD3-DA62-4EE8-883B-7AEB455F7FF1}.Debug|Any CPU.Build.0 = Debug|Any CPU
		{1240ABD3-DA62-4EE8-883B-7AEB455F7FF1}.Release|Any CPU.ActiveCfg = Release|Any CPU
		{1240ABD3-DA62-4EE8-883B-7AEB455F7FF1}.Release|Any CPU.Build.0 = Release|Any CPU
		{DBF339C9-193E-4A67-9E8C-78B4FB2C0C54}.Debug|Any CPU.ActiveCfg = Debug|Any CPU
		{DBF339C9-193E-4A67-9E8C-78B4FB2C0C54}.Debug|Any CPU.Build.0 = Debug|Any CPU
		{DBF339C9-193E-4A67-9E8C-78B4FB2C0C54}.Release|Any CPU.ActiveCfg = Release|Any CPU
		{DBF339C9-193E-4A67-9E8C-78B4FB2C0C54}.Release|Any CPU.Build.0 = Release|Any CPU
		{33676E5D-E8B2-40F0-A022-0408A085109C}.Debug|Any CPU.ActiveCfg = Debug|Any CPU
		{33676E5D-E8B2-40F0-A022-0408A085109C}.Debug|Any CPU.Build.0 = Debug|Any CPU
		{33676E5D-E8B2-40F0-A022-0408A085109C}.Release|Any CPU.ActiveCfg = Release|Any CPU
		{33676E5D-E8B2-40F0-A022-0408A085109C}.Release|Any CPU.Build.0 = Release|Any CPU
		{88169D66-4BA6-4A9D-9F94-41E9F11D832E}.Debug|Any CPU.ActiveCfg = Debug|Any CPU
		{88169D66-4BA6-4A9D-9F94-41E9F11D832E}.Debug|Any CPU.Build.0 = Debug|Any CPU
		{88169D66-4BA6-4A9D-9F94-41E9F11D832E}.Release|Any CPU.ActiveCfg = Release|Any CPU
		{88169D66-4BA6-4A9D-9F94-41E9F11D832E}.Release|Any CPU.Build.0 = Release|Any CPU
		{78EEF49A-6882-4DE5-AFFF-49E490B61506}.Debug|Any CPU.ActiveCfg = Debug|Any CPU
		{78EEF49A-6882-4DE5-AFFF-49E490B61506}.Debug|Any CPU.Build.0 = Debug|Any CPU
		{78EEF49A-6882-4DE5-AFFF-49E490B61506}.Release|Any CPU.ActiveCfg = Release|Any CPU
		{78EEF49A-6882-4DE5-AFFF-49E490B61506}.Release|Any CPU.Build.0 = Release|Any CPU
		{7147A831-CBC8-46FC-B12F-74E3D8332F0B}.Debug|Any CPU.ActiveCfg = Debug|Any CPU
		{7147A831-CBC8-46FC-B12F-74E3D8332F0B}.Debug|Any CPU.Build.0 = Debug|Any CPU
		{7147A831-CBC8-46FC-B12F-74E3D8332F0B}.Release|Any CPU.ActiveCfg = Release|Any CPU
		{7147A831-CBC8-46FC-B12F-74E3D8332F0B}.Release|Any CPU.Build.0 = Release|Any CPU
		{13555D96-B1BC-4A0D-AE4E-C1F4A6250083}.Debug|Any CPU.ActiveCfg = Debug|Any CPU
		{13555D96-B1BC-4A0D-AE4E-C1F4A6250083}.Debug|Any CPU.Build.0 = Debug|Any CPU
		{13555D96-B1BC-4A0D-AE4E-C1F4A6250083}.Release|Any CPU.ActiveCfg = Release|Any CPU
		{13555D96-B1BC-4A0D-AE4E-C1F4A6250083}.Release|Any CPU.Build.0 = Release|Any CPU
		{3C355A63-2873-415E-A7D3-7DA0EDA2F5FE}.Debug|Any CPU.ActiveCfg = Debug|Any CPU
		{3C355A63-2873-415E-A7D3-7DA0EDA2F5FE}.Debug|Any CPU.Build.0 = Debug|Any CPU
		{3C355A63-2873-415E-A7D3-7DA0EDA2F5FE}.Release|Any CPU.ActiveCfg = Release|Any CPU
		{3C355A63-2873-415E-A7D3-7DA0EDA2F5FE}.Release|Any CPU.Build.0 = Release|Any CPU
		{D44D3D0D-7768-42C0-B1A6-86F4FB4725C8}.Debug|Any CPU.ActiveCfg = Debug|Any CPU
		{D44D3D0D-7768-42C0-B1A6-86F4FB4725C8}.Debug|Any CPU.Build.0 = Debug|Any CPU
		{D44D3D0D-7768-42C0-B1A6-86F4FB4725C8}.Release|Any CPU.ActiveCfg = Release|Any CPU
		{D44D3D0D-7768-42C0-B1A6-86F4FB4725C8}.Release|Any CPU.Build.0 = Release|Any CPU
		{266BD4BE-FA5A-4D4A-8528-69727AE0314B}.Debug|Any CPU.ActiveCfg = Debug|Any CPU
		{266BD4BE-FA5A-4D4A-8528-69727AE0314B}.Debug|Any CPU.Build.0 = Debug|Any CPU
		{266BD4BE-FA5A-4D4A-8528-69727AE0314B}.Release|Any CPU.ActiveCfg = Release|Any CPU
		{266BD4BE-FA5A-4D4A-8528-69727AE0314B}.Release|Any CPU.Build.0 = Release|Any CPU
		{8A9B0BD5-A858-44CF-9F7E-62729F58CE67}.Debug|Any CPU.ActiveCfg = Debug|Any CPU
		{8A9B0BD5-A858-44CF-9F7E-62729F58CE67}.Debug|Any CPU.Build.0 = Debug|Any CPU
		{8A9B0BD5-A858-44CF-9F7E-62729F58CE67}.Release|Any CPU.ActiveCfg = Release|Any CPU
		{8A9B0BD5-A858-44CF-9F7E-62729F58CE67}.Release|Any CPU.Build.0 = Release|Any CPU
		{BBB3FD12-C1B7-47B4-BE33-4DEEC7C92143}.Debug|Any CPU.ActiveCfg = Debug|Any CPU
		{BBB3FD12-C1B7-47B4-BE33-4DEEC7C92143}.Debug|Any CPU.Build.0 = Debug|Any CPU
		{BBB3FD12-C1B7-47B4-BE33-4DEEC7C92143}.Release|Any CPU.ActiveCfg = Release|Any CPU
		{BBB3FD12-C1B7-47B4-BE33-4DEEC7C92143}.Release|Any CPU.Build.0 = Release|Any CPU
		{E8E3CFE2-48E5-4659-88FB-53FD734CF9A9}.Debug|Any CPU.ActiveCfg = Debug|Any CPU
		{E8E3CFE2-48E5-4659-88FB-53FD734CF9A9}.Debug|Any CPU.Build.0 = Debug|Any CPU
		{E8E3CFE2-48E5-4659-88FB-53FD734CF9A9}.Release|Any CPU.ActiveCfg = Release|Any CPU
		{E8E3CFE2-48E5-4659-88FB-53FD734CF9A9}.Release|Any CPU.Build.0 = Release|Any CPU
		{227675E4-CD12-43AE-A4A6-23E2F8F222CD}.Debug|Any CPU.ActiveCfg = Debug|Any CPU
		{227675E4-CD12-43AE-A4A6-23E2F8F222CD}.Debug|Any CPU.Build.0 = Debug|Any CPU
		{227675E4-CD12-43AE-A4A6-23E2F8F222CD}.Release|Any CPU.ActiveCfg = Release|Any CPU
		{227675E4-CD12-43AE-A4A6-23E2F8F222CD}.Release|Any CPU.Build.0 = Release|Any CPU
		{2436F7F6-DB8A-4CC5-81E0-616B9FB23070}.Debug|Any CPU.ActiveCfg = Debug|Any CPU
		{2436F7F6-DB8A-4CC5-81E0-616B9FB23070}.Debug|Any CPU.Build.0 = Debug|Any CPU
		{2436F7F6-DB8A-4CC5-81E0-616B9FB23070}.Release|Any CPU.ActiveCfg = Release|Any CPU
		{2436F7F6-DB8A-4CC5-81E0-616B9FB23070}.Release|Any CPU.Build.0 = Release|Any CPU
		{FDCD1FBA-F2C2-4774-BE4C-44F7778FD1A4}.Debug|Any CPU.ActiveCfg = Debug|Any CPU
		{FDCD1FBA-F2C2-4774-BE4C-44F7778FD1A4}.Debug|Any CPU.Build.0 = Debug|Any CPU
		{FDCD1FBA-F2C2-4774-BE4C-44F7778FD1A4}.Release|Any CPU.ActiveCfg = Release|Any CPU
		{FDCD1FBA-F2C2-4774-BE4C-44F7778FD1A4}.Release|Any CPU.Build.0 = Release|Any CPU
		{BF4A86CE-FBD1-4B8E-9438-9D818BF70A8E}.Debug|Any CPU.ActiveCfg = Debug|Any CPU
		{BF4A86CE-FBD1-4B8E-9438-9D818BF70A8E}.Debug|Any CPU.Build.0 = Debug|Any CPU
		{BF4A86CE-FBD1-4B8E-9438-9D818BF70A8E}.Release|Any CPU.ActiveCfg = Release|Any CPU
		{BF4A86CE-FBD1-4B8E-9438-9D818BF70A8E}.Release|Any CPU.Build.0 = Release|Any CPU
		{9B4865B5-536F-41AB-AEEC-1B8FF3933F15}.Debug|Any CPU.ActiveCfg = Debug|Any CPU
		{9B4865B5-536F-41AB-AEEC-1B8FF3933F15}.Debug|Any CPU.Build.0 = Debug|Any CPU
		{9B4865B5-536F-41AB-AEEC-1B8FF3933F15}.Release|Any CPU.ActiveCfg = Release|Any CPU
		{9B4865B5-536F-41AB-AEEC-1B8FF3933F15}.Release|Any CPU.Build.0 = Release|Any CPU
		{4A46405C-5231-4E4D-8E68-479A25842DAC}.Debug|Any CPU.ActiveCfg = Debug|Any CPU
		{4A46405C-5231-4E4D-8E68-479A25842DAC}.Debug|Any CPU.Build.0 = Debug|Any CPU
		{4A46405C-5231-4E4D-8E68-479A25842DAC}.Release|Any CPU.ActiveCfg = Release|Any CPU
		{4A46405C-5231-4E4D-8E68-479A25842DAC}.Release|Any CPU.Build.0 = Release|Any CPU
		{C29AF0AF-ACBF-411F-BA2C-DDF5E06ED3D5}.Debug|Any CPU.ActiveCfg = Debug|Any CPU
		{C29AF0AF-ACBF-411F-BA2C-DDF5E06ED3D5}.Debug|Any CPU.Build.0 = Debug|Any CPU
		{C29AF0AF-ACBF-411F-BA2C-DDF5E06ED3D5}.Release|Any CPU.ActiveCfg = Release|Any CPU
		{C29AF0AF-ACBF-411F-BA2C-DDF5E06ED3D5}.Release|Any CPU.Build.0 = Release|Any CPU
		{E2774E47-0393-4BAF-8F23-82B33455B941}.Debug|Any CPU.ActiveCfg = Debug|Any CPU
		{E2774E47-0393-4BAF-8F23-82B33455B941}.Debug|Any CPU.Build.0 = Debug|Any CPU
		{E2774E47-0393-4BAF-8F23-82B33455B941}.Release|Any CPU.ActiveCfg = Release|Any CPU
		{E2774E47-0393-4BAF-8F23-82B33455B941}.Release|Any CPU.Build.0 = Release|Any CPU
		{2CDEEAB7-E723-4A2A-B32B-891E077D55C6}.Debug|Any CPU.ActiveCfg = Debug|Any CPU
		{2CDEEAB7-E723-4A2A-B32B-891E077D55C6}.Debug|Any CPU.Build.0 = Debug|Any CPU
		{2CDEEAB7-E723-4A2A-B32B-891E077D55C6}.Release|Any CPU.ActiveCfg = Release|Any CPU
		{2CDEEAB7-E723-4A2A-B32B-891E077D55C6}.Release|Any CPU.Build.0 = Release|Any CPU
	EndGlobalSection
	GlobalSection(SolutionProperties) = preSolution
		HideSolutionNode = FALSE
	EndGlobalSection
	GlobalSection(NestedProjects) = preSolution
		{4ED23321-2E8C-4781-849A-E6FF168901AE} = {4DA898B8-9D69-41B0-BD80-514ADA960972}
		{1240ABD3-DA62-4EE8-883B-7AEB455F7FF1} = {4DA898B8-9D69-41B0-BD80-514ADA960972}
		{DBF339C9-193E-4A67-9E8C-78B4FB2C0C54} = {4DA898B8-9D69-41B0-BD80-514ADA960972}
		{AE01CD2E-D0BC-408E-9D11-D6D2C7FBE3CF} = {931D30C7-DDDA-44F7-805F-43644271E806}
		{33676E5D-E8B2-40F0-A022-0408A085109C} = {AE01CD2E-D0BC-408E-9D11-D6D2C7FBE3CF}
		{88169D66-4BA6-4A9D-9F94-41E9F11D832E} = {AE01CD2E-D0BC-408E-9D11-D6D2C7FBE3CF}
		{78EEF49A-6882-4DE5-AFFF-49E490B61506} = {AE01CD2E-D0BC-408E-9D11-D6D2C7FBE3CF}
		{7147A831-CBC8-46FC-B12F-74E3D8332F0B} = {AE01CD2E-D0BC-408E-9D11-D6D2C7FBE3CF}
		{13555D96-B1BC-4A0D-AE4E-C1F4A6250083} = {AE01CD2E-D0BC-408E-9D11-D6D2C7FBE3CF}
		{E2CECEF4-E4F0-42DD-9D35-5DB569250B75} = {931D30C7-DDDA-44F7-805F-43644271E806}
		{3C355A63-2873-415E-A7D3-7DA0EDA2F5FE} = {E2CECEF4-E4F0-42DD-9D35-5DB569250B75}
		{D44D3D0D-7768-42C0-B1A6-86F4FB4725C8} = {E2CECEF4-E4F0-42DD-9D35-5DB569250B75}
		{266BD4BE-FA5A-4D4A-8528-69727AE0314B} = {E2CECEF4-E4F0-42DD-9D35-5DB569250B75}
		{8E811F98-852B-451B-AAA0-15A2745EDF0B} = {931D30C7-DDDA-44F7-805F-43644271E806}
		{8A9B0BD5-A858-44CF-9F7E-62729F58CE67} = {8E811F98-852B-451B-AAA0-15A2745EDF0B}
		{12A6F0BB-498F-4B53-BEB9-4651069257DE} = {931D30C7-DDDA-44F7-805F-43644271E806}
		{BBB3FD12-C1B7-47B4-BE33-4DEEC7C92143} = {12A6F0BB-498F-4B53-BEB9-4651069257DE}
		{71BD3B07-BFAF-424C-940C-D88FF50610BD} = {D574A2DE-F3A5-47CD-86D6-B91DBE6CE7B3}
		{E8E3CFE2-48E5-4659-88FB-53FD734CF9A9} = {71BD3B07-BFAF-424C-940C-D88FF50610BD}
		{227675E4-CD12-43AE-A4A6-23E2F8F222CD} = {71BD3B07-BFAF-424C-940C-D88FF50610BD}
		{2436F7F6-DB8A-4CC5-81E0-616B9FB23070} = {71BD3B07-BFAF-424C-940C-D88FF50610BD}
		{FDCD1FBA-F2C2-4774-BE4C-44F7778FD1A4} = {71BD3B07-BFAF-424C-940C-D88FF50610BD}
		{BF4A86CE-FBD1-4B8E-9438-9D818BF70A8E} = {71BD3B07-BFAF-424C-940C-D88FF50610BD}
		{9B4865B5-536F-41AB-AEEC-1B8FF3933F15} = {71BD3B07-BFAF-424C-940C-D88FF50610BD}
		{4A46405C-5231-4E4D-8E68-479A25842DAC} = {71BD3B07-BFAF-424C-940C-D88FF50610BD}
		{6ABA6065-4BA9-40B9-BEC7-096DBBDF05AA} = {D574A2DE-F3A5-47CD-86D6-B91DBE6CE7B3}
		{02539618-D86A-4D70-9862-BF17BF2538B3} = {6ABA6065-4BA9-40B9-BEC7-096DBBDF05AA}
		{C29AF0AF-ACBF-411F-BA2C-DDF5E06ED3D5} = {02539618-D86A-4D70-9862-BF17BF2538B3}
		{E2774E47-0393-4BAF-8F23-82B33455B941} = {02539618-D86A-4D70-9862-BF17BF2538B3}
		{2CDEEAB7-E723-4A2A-B32B-891E077D55C6} = {02539618-D86A-4D70-9862-BF17BF2538B3}
	EndGlobalSection
	GlobalSection(ExtensibilityGlobals) = postSolution
		SolutionGuid = {BCA972E4-018C-423C-9746-5FD1B8722248}
	EndGlobalSection
EndGlobal
